{
	"name": "web-studio",
	"version": "0.0.1",
	"lockfileVersion": 1,
	"dependencies": {
		"async": {
			"version": "2.4.1",
			"resolved": "http://registry.npm.taobao.org/async/download/async-2.4.1.tgz",
			"integrity": "sha1-YqVrJ5yYoR0JhwlqAcw+6463u9c="
		},
		"lodash": {
			"version": "4.17.4",
			"resolved": "http://registry.npm.taobao.org/lodash/download/lodash-4.17.4.tgz",
			"integrity": "sha1-eCA6TRwyiuHYbcpkYONptX9AVa4="
		}
	}
}
